<?xml version="1.0" encoding="utf-8"?>
<Project ToolsVersion="4.0" xmlns="http://schemas.microsoft.com/developer/msbuild/2003">
  <ItemGroup>
    <Filter Include="Source Files">
      <UniqueIdentifier>{4FC737F1-C7A5-4376-A066-2A32D752A2FF}</UniqueIdentifier>
      <Extensions>cpp;c;cc;cxx;c++;cppm;ixx;def;odl;idl;hpj;bat;asm;asmx</Extensions>
    </Filter>
    <Filter Include="Header Files">
      <UniqueIdentifier>{93995380-89BD-4b04-88EB-625FBE52EBFB}</UniqueIdentifier>
      <Extensions>h;hh;hpp;hxx;h++;hm;inl;inc;ipp;xsd</Extensions>
    </Filter>
    <Filter Include="Resource Files">
      <UniqueIdentifier>{67DA6AB6-F800-4c08-8B7A-83BB121AAD01}</UniqueIdentifier>
      <Extensions>rc;ico;cur;bmp;dlg;rc2;rct;bin;rgs;gif;jpg;jpeg;jpe;resx;tiff;tif;png;wav;mfcribbon-ms</Extensions>
    </Filter>
  </ItemGroup>
  <ItemGroup>
    <ClCompile Include="main.cpp">
      <Filter>Source Files</Filter>
    </ClCompile>
    <ClCompile Include="vendor\imgui\imgui.cpp">
      <Filter>Source Files</Filter>
    </ClCompile>
    <ClCompile Include="vendor\imgui\imgui_demo.cpp">
      <Filter>Source Files</Filter>
    </ClCompile>
    <ClCompile Include="vendor\imgui\imgui_draw.cpp">
      <Filter>Source Files</Filter>
    </ClCompile>
    <ClCompile Include="vendor\imgui\imgui_impl_glfw.cpp">
      <Filter>Source Files</Filter>
    </ClCompile>
    <ClCompile Include="vendor\imgui\imgui_impl_opengl3.cpp">
      <Filter>Source Files</Filter>
    </ClCompile>
    <ClCompile Include="vendor\imgui\imgui_tables.cpp">
      <Filter>Source Files</Filter>
    </ClCompile>
    <ClCompile Include="vendor\imgui\imgui_widgets.cpp">
      <Filter>Source Files</Filter>
    </ClCompile>
    <ClCompile Include="vendor\glad.c">
      <Filter>Source Files</Filter>
    </ClCompile>
  </ItemGroup>
  <ItemGroup>
    <ClInclude Include="Engine\Scripting\Light.h">
      <Filter>Header Files</Filter>
    </ClInclude>
    <ClInclude Include="vendor\imgui\imstb_truetype.h">
      <Filter>Header Files</Filter>
    </ClInclude>
    <ClInclude Include="vendor\imgui\imgui.h">
      <Filter>Header Files</Filter>
    </ClInclude>
    <ClInclude Include="vendor\imgui\imgui_impl_glfw.h">
      <Filter>Header Files</Filter>
    </ClInclude>
    <ClInclude Include="vendor\imgui\imgui_impl_opengl3.h">
      <Filter>Header Files</Filter>
    </ClInclude>
    <ClInclude Include="vendor\imgui\imgui_internal.h">
      <Filter>Header Files</Filter>
    </ClInclude>
    <ClInclude Include="vendor\imgui\imstb_rectpack.h">
      <Filter>Header Files</Filter>
    </ClInclude>
    <ClInclude Include="vendor\imgui\imstb_textedit.h">
      <Filter>Header Files</Filter>
    </ClInclude>
    <ClInclude Include="vendor\imgui\imconfig.h">
      <Filter>Header Files</Filter>
    </ClInclude>
    <ClInclude Include="Game\test3D.h">
      <Filter>Header Files</Filter>
    </ClInclude>
    <ClInclude Include="Game\test2D.h">
      <Filter>Header Files</Filter>
    </ClInclude>
    <ClInclude Include="Game\SceneCam3D.h">
      <Filter>Header Files</Filter>
    </ClInclude>
    <ClInclude Include="Dlta\Editor\Windows\About.h">
      <Filter>Header Files</Filter>
    </ClInclude>
    <ClInclude Include="Dlta\Editor\Windows\EffectEditor.h">
      <Filter>Header Files</Filter>
    </ClInclude>
    <ClInclude Include="Dlta\Editor\Windows\GameView.h">
      <Filter>Header Files</Filter>
    </ClInclude>
    <ClInclude Include="Dlta\Editor\Windows\Preferences.h">
      <Filter>Header Files</Filter>
    </ClInclude>
    <ClInclude Include="Dlta\Editor\Windows\StatOverlay.h">
      <Filter>Header Files</Filter>
    </ClInclude>
    <ClInclude Include="Dlta\Editor\EditorGui.h">
      <Filter>Header Files</Filter>
    </ClInclude>
    <ClInclude Include="Dlta\Editor\EditorWindow.h">
      <Filter>Header Files</Filter>
    </ClInclude>
    <ClInclude Include="Dlta\Editor\Theme.h">
      <Filter>Header Files</Filter>
    </ClInclude>
    <ClInclude Include="Dlta\Postprocessing\AntiAliasing.h">
      <Filter>Header Files</Filter>
    </ClInclude>
    <ClInclude Include="Dlta\Postprocessing\Bloom.h">
      <Filter>Header Files</Filter>
    </ClInclude>
    <ClInclude Include="Dlta\Postprocessing\Effect.h">
      <Filter>Header Files</Filter>
    </ClInclude>
    <ClInclude Include="Dlta\Postprocessing\EffectStack.h">
      <Filter>Header Files</Filter>
    </ClInclude>
    <ClInclude Include="Dlta\Postprocessing\Gamma.h">
      <Filter>Header Files</Filter>
    </ClInclude>
    <ClInclude Include="Dlta\Postprocessing\Vignette.h">
      <Filter>Header Files</Filter>
    </ClInclude>
    <ClInclude Include="Dlta\Scripting\Camera.h">
      <Filter>Header Files</Filter>
    </ClInclude>
    <ClInclude Include="Dlta\Scripting\Entity.h">
      <Filter>Header Files</Filter>
    </ClInclude>
    <ClInclude Include="Dlta\Scripting\MeshRenderer.h">
      <Filter>Header Files</Filter>
    </ClInclude>
    <ClInclude Include="Dlta\Scripting\RectTransform.h">
      <Filter>Header Files</Filter>
    </ClInclude>
    <ClInclude Include="Dlta\Scripting\SpriteRenderer.h">
      <Filter>Header Files</Filter>
    </ClInclude>
    <ClInclude Include="Dlta\Scripting\Transform.h">
      <Filter>Header Files</Filter>
    </ClInclude>
    <ClInclude Include="Dlta\Deps.h">
      <Filter>Source Files</Filter>
    </ClInclude>
    <ClInclude Include="Dlta\Dlta.h">
      <Filter>Header Files</Filter>
    </ClInclude>
    <ClInclude Include="Dlta\Scripting.h">
      <Filter>Header Files</Filter>
    </ClInclude>
    <ClInclude Include="Dlta\Core.h">
      <Filter>Header Files</Filter>
    </ClInclude>
    <ClInclude Include="Dlta\Postprocessing.h">
      <Filter>Header Files</Filter>
    </ClInclude>
    <ClInclude Include="Dlta\Editor.h">
      <Filter>Header Files</Filter>
    </ClInclude>
    <ClInclude Include="Dlta\Core\Application.h">
      <Filter>Source Files</Filter>
    </ClInclude>
    <ClInclude Include="Dlta\Core\Color.h">
      <Filter>Source Files</Filter>
    </ClInclude>
    <ClInclude Include="Dlta\Core\Cubemap.h">
      <Filter>Header Files</Filter>
    </ClInclude>
    <ClInclude Include="Dlta\Core\FrameBuffer.h">
      <Filter>Header Files</Filter>
    </ClInclude>
    <ClInclude Include="Dlta\Core\Gizmos.h">
      <Filter>Source Files</Filter>
    </ClInclude>
    <ClInclude Include="Dlta\Core\Input.h">
      <Filter>Header Files</Filter>
    </ClInclude>
    <ClInclude Include="Dlta\Core\Math.h">
      <Filter>Header Files</Filter>
    </ClInclude>
    <ClInclude Include="Dlta\Core\Mesh.h">
      <Filter>Header Files</Filter>
    </ClInclude>
    <ClInclude Include="Dlta\Core\Renderer.h">
      <Filter>Header Files</Filter>
    </ClInclude>
    <ClInclude Include="Dlta\Core\Skybox.h">
      <Filter>Header Files</Filter>
    </ClInclude>
    <ClInclude Include="Dlta\Core\Time.h">
      <Filter>Header Files</Filter>
    </ClInclude>
    <ClInclude Include="Dlta\Core\Texture.h">
      <Filter>Source Files</Filter>
    </ClInclude>
    <ClInclude Include="Dlta\Core\Shader.h">
      <Filter>Source Files</Filter>
    </ClInclude>
    <ClInclude Include="Game\SceneCam2D.h">
      <Filter>Header Files</Filter>
    </ClInclude>
  </ItemGroup>
</Project>